
Microsoft Visual Studio Solution File, Format Version 12.00
# Visual Studio 15
VisualStudioVersion = 15.0.27004.2009
MinimumVisualStudioVersion = 10.0.40219.1
Project("{FAE04EC0-301F-11D3-BF4B-00C04F79EFBC}") = "WpfHexaEditor", "WPFHexaEditor.Control\WpfHexaEditor.csproj", "{CF6AC02D-02FA-4EE9-A507-BD94F489972E}"
EndProject
Project("{FAE04EC0-301F-11D3-BF4B-00C04F79EFBC}") = "WpfHexEditor.Sample", "WPFHexaEditorExample\WpfHexEditor.Sample.csproj", "{001BD673-EF33-4FD2-AB7F-57F40FD54D53}"
EndProject
Project("{FAE04EC0-301F-11D3-BF4B-00C04F79EFBC}") = "WpfHexEditor.Sample.Winform", "WpfHexEditor.Winform.Sample\WpfHexEditor.Sample.Winform.csproj", "{326EED14-1180-46CC-8583-E6A249A248B6}"
EndProject
Project("{F184B08F-C81C-45F6-A57F-5ABD9991F28F}") = "WpfHexEditor.Sample.VB", "WpfHexEditor.Sample.VB\WpfHexEditor.Sample.VB.vbproj", "{4A0357E6-BF23-4CBA-9AE8-9D451F978EE6}"
EndProject
Global
	GlobalSection(SolutionConfigurationPlatforms) = preSolution
		Debug|Any CPU = Debug|Any CPU
		Release|Any CPU = Release|Any CPU
	EndGlobalSection
	GlobalSection(ProjectConfigurationPlatforms) = postSolution
		{CF6AC02D-02FA-4EE9-A507-BD94F489972E}.Debug|Any CPU.ActiveCfg = Debug|Any CPU
		{CF6AC02D-02FA-4EE9-A507-BD94F489972E}.Debug|Any CPU.Build.0 = Debug|Any CPU
		{CF6AC02D-02FA-4EE9-A507-BD94F489972E}.Release|Any CPU.ActiveCfg = Release|Any CPU
		{CF6AC02D-02FA-4EE9-A507-BD94F489972E}.Release|Any CPU.Build.0 = Release|Any CPU
		{001BD673-EF33-4FD2-AB7F-57F40FD54D53}.Debug|Any CPU.ActiveCfg = Debug|Any CPU
		{001BD673-EF33-4FD2-AB7F-57F40FD54D53}.Debug|Any CPU.Build.0 = Debug|Any CPU
		{001BD673-EF33-4FD2-AB7F-57F40FD54D53}.Release|Any CPU.ActiveCfg = Release|Any CPU
		{001BD673-EF33-4FD2-AB7F-57F40FD54D53}.Release|Any CPU.Build.0 = Release|Any CPU
		{326EED14-1180-46CC-8583-E6A249A248B6}.Debug|Any CPU.ActiveCfg = Debug|Any CPU
		{326EED14-1180-46CC-8583-E6A249A248B6}.Debug|Any CPU.Build.0 = Debug|Any CPU
		{326EED14-1180-46CC-8583-E6A249A248B6}.Release|Any CPU.ActiveCfg = Release|Any CPU
		{326EED14-1180-46CC-8583-E6A249A248B6}.Release|Any CPU.Build.0 = Release|Any CPU
		{4A0357E6-BF23-4CBA-9AE8-9D451F978EE6}.Debug|Any CPU.ActiveCfg = Debug|Any CPU
		{4A0357E6-BF23-4CBA-9AE8-9D451F978EE6}.Debug|Any CPU.Build.0 = Debug|Any CPU
		{4A0357E6-BF23-4CBA-9AE8-9D451F978EE6}.Release|Any CPU.ActiveCfg = Release|Any CPU
		{4A0357E6-BF23-4CBA-9AE8-9D451F978EE6}.Release|Any CPU.Build.0 = Release|Any CPU
	EndGlobalSection
	GlobalSection(SolutionProperties) = preSolution
		HideSolutionNode = FALSE
	EndGlobalSection
	GlobalSection(ExtensibilityGlobals) = postSolution
		SolutionGuid = {5B382CAE-4846-466E-A3D3-0842043B4012}
	EndGlobalSection
	GlobalSection(Performance) = preSolution
		HasPerformanceSessions = true
	EndGlobalSection
EndGlobal
